
Microsoft Visual Studio Solution File, Format Version 12.00
# Visual Studio Version 17
VisualStudioVersion = 17.0.32014.148
MinimumVisualStudioVersion = 10.0.40219.1
Project("{8BC9CEB8-8B4A-11D0-8D11-00A0C91BC942}") = "HomeWork220112", "HomeWork220112\HomeWork220112.vcxproj", "{5C49E9F7-F8F6-4FBF-AC49-7EA2866CC388}"
EndProject
Project("{8BC9CEB8-8B4A-11D0-8D11-00A0C91BC942}") = "HomeWork220113", "HomeWork220113\HomeWork220113.vcxproj", "{E91D4520-78C4-442E-B726-D855BCCFE494}"
EndProject
Project("{8BC9CEB8-8B4A-11D0-8D11-00A0C91BC942}") = "Homework220114_1_ToUpper", "Homework220114_1\Homework220114_1.vcxproj", "{63D43613-EC2C-40E0-A312-558A9E551FED}"
EndProject
Project("{8BC9CEB8-8B4A-11D0-8D11-00A0C91BC942}") = "Homework220114_2_ToInt", "Homework220114_2\Homework220114_2.vcxproj", "{E7338263-F418-4032-8CD3-D7D3BEFA7BAA}"
EndProject
Project("{8BC9CEB8-8B4A-11D0-8D11-00A0C91BC942}") = "Homework220114_3_CharChange", "Homework220114_3\Homework220114_3.vcxproj", "{2B7E0C47-2B42-4C67-AA85-E2F4D6E09F7D}"
EndProject
Project("{8BC9CEB8-8B4A-11D0-8D11-00A0C91BC942}") = "Homework220114_4_StringLength", "Homework220114_4\Homework220114_4.vcxproj", "{9BE2ACE3-5640-4B32-8866-759FC44DE7F4}"
EndProject
Project("{8BC9CEB8-8B4A-11D0-8D11-00A0C91BC942}") = "Homework220114_5_Cut", "Homework220114_5\Homework220114_5.vcxproj", "{564EAF3D-5079-442C-9DCE-6E697638E29C}"
EndProject
Project("{8BC9CEB8-8B4A-11D0-8D11-00A0C91BC942}") = "Homework220114_6_TextChange", "Homework220114_6\Homework220114_6.vcxproj", "{5C29A94B-8E3B-4E2C-9F4C-181CF5A202E8}"
EndProject
Project("{8BC9CEB8-8B4A-11D0-8D11-00A0C91BC942}") = "Homework220117", "Homework220117\Homework220117.vcxproj", "{78DC09B8-88DF-4F05-9600-7D4B43335AB0}"
EndProject
Project("{8BC9CEB8-8B4A-11D0-8D11-00A0C91BC942}") = "Homework220120", "Homework220120\Homework220120.vcxproj", "{E7F31323-42E9-4B97-9DAF-36E321F15E3D}"
EndProject
Project("{8BC9CEB8-8B4A-11D0-8D11-00A0C91BC942}") = "Homework220126", "Homework220126\Homework220126.vcxproj", "{A70229B7-2FEB-4C89-8DF8-576307164EF2}"
EndProject
Project("{8BC9CEB8-8B4A-11D0-8D11-00A0C91BC942}") = "Homework220207", "Homework220207\Homework220207.vcxproj", "{D33DF2AB-CA41-45E6-BCDC-AE8143A7A5DC}"
EndProject
Project("{8BC9CEB8-8B4A-11D0-8D11-00A0C91BC942}") = "Homework220208", "Homework220208\Homework220208.vcxproj", "{1B2B6186-0869-4AE5-B72F-09F233E0FC13}"
EndProject
Project("{8BC9CEB8-8B4A-11D0-8D11-00A0C91BC942}") = "Homework220210", "Homework220210\Homework220210.vcxproj", "{C33F78BC-68F7-469D-8D55-CC9D4CEC43B9}"
EndProject
Global
	GlobalSection(SolutionConfigurationPlatforms) = preSolution
		Debug|x64 = Debug|x64
		Debug|x86 = Debug|x86
		Release|x64 = Release|x64
		Release|x86 = Release|x86
	EndGlobalSection
	GlobalSection(ProjectConfigurationPlatforms) = postSolution
		{5C49E9F7-F8F6-4FBF-AC49-7EA2866CC388}.Debug|x64.ActiveCfg = Debug|x64
		{5C49E9F7-F8F6-4FBF-AC49-7EA2866CC388}.Debug|x64.Build.0 = Debug|x64
		{5C49E9F7-F8F6-4FBF-AC49-7EA2866CC388}.Debug|x86.ActiveCfg = Debug|Win32
		{5C49E9F7-F8F6-4FBF-AC49-7EA2866CC388}.Debug|x86.Build.0 = Debug|Win32
		{5C49E9F7-F8F6-4FBF-AC49-7EA2866CC388}.Release|x64.ActiveCfg = Release|x64
		{5C49E9F7-F8F6-4FBF-AC49-7EA2866CC388}.Release|x64.Build.0 = Release|x64
		{5C49E9F7-F8F6-4FBF-AC49-7EA2866CC388}.Release|x86.ActiveCfg = Release|Win32
		{5C49E9F7-F8F6-4FBF-AC49-7EA2866CC388}.Release|x86.Build.0 = Release|Win32
		{E91D4520-78C4-442E-B726-D855BCCFE494}.Debug|x64.ActiveCfg = Debug|x64
		{E91D4520-78C4-442E-B726-D855BCCFE494}.Debug|x64.Build.0 = Debug|x64
		{E91D4520-78C4-442E-B726-D855BCCFE494}.Debug|x86.ActiveCfg = Debug|Win32
		{E91D4520-78C4-442E-B726-D855BCCFE494}.Debug|x86.Build.0 = Debug|Win32
		{E91D4520-78C4-442E-B726-D855BCCFE494}.Release|x64.ActiveCfg = Release|x64
		{E91D4520-78C4-442E-B726-D855BCCFE494}.Release|x64.Build.0 = Release|x64
		{E91D4520-78C4-442E-B726-D855BCCFE494}.Release|x86.ActiveCfg = Release|Win32
		{E91D4520-78C4-442E-B726-D855BCCFE494}.Release|x86.Build.0 = Release|Win32
		{63D43613-EC2C-40E0-A312-558A9E551FED}.Debug|x64.ActiveCfg = Debug|x64
		{63D43613-EC2C-40E0-A312-558A9E551FED}.Debug|x64.Build.0 = Debug|x64
		{63D43613-EC2C-40E0-A312-558A9E551FED}.Debug|x86.ActiveCfg = Debug|Win32
		{63D43613-EC2C-40E0-A312-558A9E551FED}.Debug|x86.Build.0 = Debug|Win32
		{63D43613-EC2C-40E0-A312-558A9E551FED}.Release|x64.ActiveCfg = Release|x64
		{63D43613-EC2C-40E0-A312-558A9E551FED}.Release|x64.Build.0 = Release|x64
		{63D43613-EC2C-40E0-A312-558A9E551FED}.Release|x86.ActiveCfg = Release|Win32
		{63D43613-EC2C-40E0-A312-558A9E551FED}.Release|x86.Build.0 = Release|Win32
		{E7338263-F418-4032-8CD3-D7D3BEFA7BAA}.Debug|x64.ActiveCfg = Debug|x64
		{E7338263-F418-4032-8CD3-D7D3BEFA7BAA}.Debug|x64.Build.0 = Debug|x64
		{E7338263-F418-4032-8CD3-D7D3BEFA7BAA}.Debug|x86.ActiveCfg = Debug|Win32
		{E7338263-F418-4032-8CD3-D7D3BEFA7BAA}.Debug|x86.Build.0 = Debug|Win32
		{E7338263-F418-4032-8CD3-D7D3BEFA7BAA}.Release|x64.ActiveCfg = Release|x64
		{E7338263-F418-4032-8CD3-D7D3BEFA7BAA}.Release|x64.Build.0 = Release|x64
		{E7338263-F418-4032-8CD3-D7D3BEFA7BAA}.Release|x86.ActiveCfg = Release|Win32
		{E7338263-F418-4032-8CD3-D7D3BEFA7BAA}.Release|x86.Build.0 = Release|Win32
		{2B7E0C47-2B42-4C67-AA85-E2F4D6E09F7D}.Debug|x64.ActiveCfg = Debug|x64
		{2B7E0C47-2B42-4C67-AA85-E2F4D6E09F7D}.Debug|x64.Build.0 = Debug|x64
		{2B7E0C47-2B42-4C67-AA85-E2F4D6E09F7D}.Debug|x86.ActiveCfg = Debug|Win32
		{2B7E0C47-2B42-4C67-AA85-E2F4D6E09F7D}.Debug|x86.Build.0 = Debug|Win32
		{2B7E0C47-2B42-4C67-AA85-E2F4D6E09F7D}.Release|x64.ActiveCfg = Release|x64
		{2B7E0C47-2B42-4C67-AA85-E2F4D6E09F7D}.Release|x64.Build.0 = Release|x64
		{2B7E0C47-2B42-4C67-AA85-E2F4D6E09F7D}.Release|x86.ActiveCfg = Release|Win32
		{2B7E0C47-2B42-4C67-AA85-E2F4D6E09F7D}.Release|x86.Build.0 = Release|Win32
		{9BE2ACE3-5640-4B32-8866-759FC44DE7F4}.Debug|x64.ActiveCfg = Debug|x64
		{9BE2ACE3-5640-4B32-8866-759FC44DE7F4}.Debug|x64.Build.0 = Debug|x64
		{9BE2ACE3-5640-4B32-8866-759FC44DE7F4}.Debug|x86.ActiveCfg = Debug|Win32
		{9BE2ACE3-5640-4B32-8866-759FC44DE7F4}.Debug|x86.Build.0 = Debug|Win32
		{9BE2ACE3-5640-4B32-8866-759FC44DE7F4}.Release|x64.ActiveCfg = Release|x64
		{9BE2ACE3-5640-4B32-8866-759FC44DE7F4}.Release|x64.Build.0 = Release|x64
		{9BE2ACE3-5640-4B32-8866-759FC44DE7F4}.Release|x86.ActiveCfg = Release|Win32
		{9BE2ACE3-5640-4B32-8866-759FC44DE7F4}.Release|x86.Build.0 = Release|Win32
		{564EAF3D-5079-442C-9DCE-6E697638E29C}.Debug|x64.ActiveCfg = Debug|x64
		{564EAF3D-5079-442C-9DCE-6E697638E29C}.Debug|x64.Build.0 = Debug|x64
		{564EAF3D-5079-442C-9DCE-6E697638E29C}.Debug|x86.ActiveCfg = Debug|Win32
		{564EAF3D-5079-442C-9DCE-6E697638E29C}.Debug|x86.Build.0 = Debug|Win32
		{564EAF3D-5079-442C-9DCE-6E697638E29C}.Release|x64.ActiveCfg = Release|x64
		{564EAF3D-5079-442C-9DCE-6E697638E29C}.Release|x64.Build.0 = Release|x64
		{564EAF3D-5079-442C-9DCE-6E697638E29C}.Release|x86.ActiveCfg = Release|Win32
		{564EAF3D-5079-442C-9DCE-6E697638E29C}.Release|x86.Build.0 = Release|Win32
		{5C29A94B-8E3B-4E2C-9F4C-181CF5A202E8}.Debug|x64.ActiveCfg = Debug|x64
		{5C29A94B-8E3B-4E2C-9F4C-181CF5A202E8}.Debug|x64.Build.0 = Debug|x64
		{5C29A94B-8E3B-4E2C-9F4C-181CF5A202E8}.Debug|x86.ActiveCfg = Debug|Win32
		{5C29A94B-8E3B-4E2C-9F4C-181CF5A202E8}.Debug|x86.Build.0 = Debug|Win32
		{5C29A94B-8E3B-4E2C-9F4C-181CF5A202E8}.Release|x64.ActiveCfg = Release|x64
		{5C29A94B-8E3B-4E2C-9F4C-181CF5A202E8}.Release|x64.Build.0 = Release|x64
		{5C29A94B-8E3B-4E2C-9F4C-181CF5A202E8}.Release|x86.ActiveCfg = Release|Win32
		{5C29A94B-8E3B-4E2C-9F4C-181CF5A202E8}.Release|x86.Build.0 = Release|Win32
		{78DC09B8-88DF-4F05-9600-7D4B43335AB0}.Debug|x64.ActiveCfg = Debug|x64
		{78DC09B8-88DF-4F05-9600-7D4B43335AB0}.Debug|x64.Build.0 = Debug|x64
		{78DC09B8-88DF-4F05-9600-7D4B43335AB0}.Debug|x86.ActiveCfg = Debug|Win32
		{78DC09B8-88DF-4F05-9600-7D4B43335AB0}.Debug|x86.Build.0 = Debug|Win32
		{78DC09B8-88DF-4F05-9600-7D4B43335AB0}.Release|x64.ActiveCfg = Release|x64
		{78DC09B8-88DF-4F05-9600-7D4B43335AB0}.Release|x64.Build.0 = Release|x64
		{78DC09B8-88DF-4F05-9600-7D4B43335AB0}.Release|x86.ActiveCfg = Release|Win32
		{78DC09B8-88DF-4F05-9600-7D4B43335AB0}.Release|x86.Build.0 = Release|Win32
		{E7F31323-42E9-4B97-9DAF-36E321F15E3D}.Debug|x64.ActiveCfg = Debug|x64
		{E7F31323-42E9-4B97-9DAF-36E321F15E3D}.Debug|x64.Build.0 = Debug|x64
		{E7F31323-42E9-4B97-9DAF-36E321F15E3D}.Debug|x86.ActiveCfg = Debug|Win32
		{E7F31323-42E9-4B97-9DAF-36E321F15E3D}.Debug|x86.Build.0 = Debug|Win32
		{E7F31323-42E9-4B97-9DAF-36E321F15E3D}.Release|x64.ActiveCfg = Release|x64
		{E7F31323-42E9-4B97-9DAF-36E321F15E3D}.Release|x64.Build.0 = Release|x64
		{E7F31323-42E9-4B97-9DAF-36E321F15E3D}.Release|x86.ActiveCfg = Release|Win32
		{E7F31323-42E9-4B97-9DAF-36E321F15E3D}.Release|x86.Build.0 = Release|Win32
		{A70229B7-2FEB-4C89-8DF8-576307164EF2}.Debug|x64.ActiveCfg = Debug|x64
		{A70229B7-2FEB-4C89-8DF8-576307164EF2}.Debug|x64.Build.0 = Debug|x64
		{A70229B7-2FEB-4C89-8DF8-576307164EF2}.Debug|x86.ActiveCfg = Debug|Win32
		{A70229B7-2FEB-4C89-8DF8-576307164EF2}.Debug|x86.Build.0 = Debug|Win32
		{A70229B7-2FEB-4C89-8DF8-576307164EF2}.Release|x64.ActiveCfg = Release|x64
		{A70229B7-2FEB-4C89-8DF8-576307164EF2}.Release|x64.Build.0 = Release|x64
		{A70229B7-2FEB-4C89-8DF8-576307164EF2}.Release|x86.ActiveCfg = Release|Win32
		{A70229B7-2FEB-4C89-8DF8-576307164EF2}.Release|x86.Build.0 = Release|Win32
		{D33DF2AB-CA41-45E6-BCDC-AE8143A7A5DC}.Debug|x64.ActiveCfg = Debug|x64
		{D33DF2AB-CA41-45E6-BCDC-AE8143A7A5DC}.Debug|x64.Build.0 = Debug|x64
		{D33DF2AB-CA41-45E6-BCDC-AE8143A7A5DC}.Debug|x86.ActiveCfg = Debug|Win32
		{D33DF2AB-CA41-45E6-BCDC-AE8143A7A5DC}.Debug|x86.Build.0 = Debug|Win32
		{D33DF2AB-CA41-45E6-BCDC-AE8143A7A5DC}.Release|x64.ActiveCfg = Release|x64
		{D33DF2AB-CA41-45E6-BCDC-AE8143A7A5DC}.Release|x64.Build.0 = Release|x64
		{D33DF2AB-CA41-45E6-BCDC-AE8143A7A5DC}.Release|x86.ActiveCfg = Release|Win32
		{D33DF2AB-CA41-45E6-BCDC-AE8143A7A5DC}.Release|x86.Build.0 = Release|Win32
		{1B2B6186-0869-4AE5-B72F-09F233E0FC13}.Debug|x64.ActiveCfg = Debug|x64
		{1B2B6186-0869-4AE5-B72F-09F233E0FC13}.Debug|x64.Build.0 = Debug|x64
		{1B2B6186-0869-4AE5-B72F-09F233E0FC13}.Debug|x86.ActiveCfg = Debug|Win32
		{1B2B6186-0869-4AE5-B72F-09F233E0FC13}.Debug|x86.Build.0 = Debug|Win32
		{1B2B6186-0869-4AE5-B72F-09F233E0FC13}.Release|x64.ActiveCfg = Release|x64
		{1B2B6186-0869-4AE5-B72F-09F233E0FC13}.Release|x64.Build.0 = Release|x64
		{1B2B6186-0869-4AE5-B72F-09F233E0FC13}.Release|x86.ActiveCfg = Release|Win32
		{1B2B6186-0869-4AE5-B72F-09F233E0FC13}.Release|x86.Build.0 = Release|Win32
		{C33F78BC-68F7-469D-8D55-CC9D4CEC43B9}.Debug|x64.ActiveCfg = Debug|x64
		{C33F78BC-68F7-469D-8D55-CC9D4CEC43B9}.Debug|x64.Build.0 = Debug|x64
		{C33F78BC-68F7-469D-8D55-CC9D4CEC43B9}.Debug|x86.ActiveCfg = Debug|Win32
		{C33F78BC-68F7-469D-8D55-CC9D4CEC43B9}.Debug|x86.Build.0 = Debug|Win32
		{C33F78BC-68F7-469D-8D55-CC9D4CEC43B9}.Release|x64.ActiveCfg = Release|x64
		{C33F78BC-68F7-469D-8D55-CC9D4CEC43B9}.Release|x64.Build.0 = Release|x64
		{C33F78BC-68F7-469D-8D55-CC9D4CEC43B9}.Release|x86.ActiveCfg = Release|Win32
		{C33F78BC-68F7-469D-8D55-CC9D4CEC43B9}.Release|x86.Build.0 = Release|Win32
	EndGlobalSection
	GlobalSection(SolutionProperties) = preSolution
		HideSolutionNode = FALSE
	EndGlobalSection
	GlobalSection(ExtensibilityGlobals) = postSolution
		SolutionGuid = {5AF54910-F803-4E00-A7DA-0BD38DF2A44D}
	EndGlobalSection
EndGlobal
